<?xml version="1.0" encoding="utf-8"?>
<Project ToolsVersion="4.0" xmlns="http://schemas.microsoft.com/developer/msbuild/2003">
  <ItemGroup>
    <Filter Include="Fichiers sources">
      <UniqueIdentifier>{4FC737F1-C7A5-4376-A066-2A32D752A2FF}</UniqueIdentifier>
      <Extensions>cpp;c;cc;cxx;def;odl;idl;hpj;bat;asm;asmx</Extensions>
    </Filter>
    <Filter Include="Fichiers d%27en-tête">
      <UniqueIdentifier>{93995380-89BD-4b04-88EB-625FBE52EBFB}</UniqueIdentifier>
      <Extensions>h;hh;hpp;hxx;hm;inl;inc;xsd</Extensions>
    </Filter>
    <Filter Include="Fichiers de ressources">
      <UniqueIdentifier>{67DA6AB6-F800-4c08-8B7A-83BB121AAD01}</UniqueIdentifier>
      <Extensions>rc;ico;cur;bmp;dlg;rc2;rct;bin;rgs;gif;jpg;jpeg;jpe;resx;tiff;tif;png;wav;mfcribbon-ms</Extensions>
    </Filter>
    <Filter Include="Fichiers sources\Entity">
      <UniqueIdentifier>{26df3509-60d4-4d7d-b103-321534b7d7ec}</UniqueIdentifier>
    </Filter>
    <Filter Include="Fichiers sources\Spell">
      <UniqueIdentifier>{706f8258-a662-475f-929e-f86da0dc29fb}</UniqueIdentifier>
    </Filter>
    <Filter Include="Fichiers sources\HUD">
      <UniqueIdentifier>{4ea785c9-861c-4683-b828-529f39fe56dd}</UniqueIdentifier>
    </Filter>
    <Filter Include="Fichiers d%27en-tête\Entity">
      <UniqueIdentifier>{5565f061-2c55-4a54-a922-71ce6636af8f}</UniqueIdentifier>
    </Filter>
    <Filter Include="Fichiers d%27en-tête\HUD">
      <UniqueIdentifier>{786c1224-b61c-4f8c-858b-04b5d0f8f01f}</UniqueIdentifier>
    </Filter>
    <Filter Include="Fichiers d%27en-tête\Spell">
      <UniqueIdentifier>{0862ad58-71f8-4eb3-bc1c-18fc2943204c}</UniqueIdentifier>
    </Filter>
    <Filter Include="Fichiers sources\GameSystem">
      <UniqueIdentifier>{78b187cb-437b-455b-bb67-a889c9adc24b}</UniqueIdentifier>
    </Filter>
    <Filter Include="Fichiers d%27en-tête\GameSystem">
      <UniqueIdentifier>{92c6beca-7341-4cd6-a00c-6770a4a3f6fb}</UniqueIdentifier>
    </Filter>
  </ItemGroup>
  <ItemGroup>
    <ClCompile Include="main.cpp">
      <Filter>Fichiers sources</Filter>
    </ClCompile>
    <ClCompile Include="Player.cpp">
      <Filter>Fichiers sources\Entity</Filter>
    </ClCompile>
    <ClCompile Include="Enemy.cpp">
      <Filter>Fichiers sources\Entity</Filter>
    </ClCompile>
    <ClCompile Include="HealthBar.cpp">
      <Filter>Fichiers sources\HUD</Filter>
    </ClCompile>
    <ClCompile Include="Sword.cpp">
      <Filter>Fichiers sources\Spell</Filter>
    </ClCompile>
    <ClCompile Include="Spear.cpp">
      <Filter>Fichiers sources\Spell</Filter>
    </ClCompile>
    <ClCompile Include="LootSystem.cpp">
      <Filter>Fichiers sources\GameSystem</Filter>
    </ClCompile>
    <ClCompile Include="Game.cpp">
      <Filter>Fichiers sources\GameSystem</Filter>
    </ClCompile>
    <ClCompile Include="EnemiesSytem.cpp">
      <Filter>Fichiers sources\GameSystem</Filter>
    </ClCompile>
    <ClCompile Include="ExperienceBubble.cpp">
      <Filter>Fichiers sources\Entity</Filter>
    </ClCompile>
    <ClCompile Include="XpBar.cpp">
      <Filter>Fichiers sources\HUD</Filter>
    </ClCompile>
    <ClCompile Include="HUDSystem.cpp">
      <Filter>Fichiers sources\HUD</Filter>
    </ClCompile>
  </ItemGroup>
  <ItemGroup>
    <ClInclude Include="ressource.h">
      <Filter>Fichiers de ressources</Filter>
    </ClInclude>
    <ClInclude Include="Enemy.h">
      <Filter>Fichiers d%27en-tête\Entity</Filter>
    </ClInclude>
    <ClInclude Include="HealthBar.h">
      <Filter>Fichiers d%27en-tête\HUD</Filter>
    </ClInclude>
    <ClInclude Include="Player.h">
      <Filter>Fichiers d%27en-tête\Entity</Filter>
    </ClInclude>
    <ClInclude Include="Spear.h">
      <Filter>Fichiers d%27en-tête\Spell</Filter>
    </ClInclude>
    <ClInclude Include="Sword.h">
      <Filter>Fichiers d%27en-tête\Spell</Filter>
    </ClInclude>
    <ClInclude Include="LootSystem.h">
      <Filter>Fichiers d%27en-tête\GameSystem</Filter>
    </ClInclude>
    <ClInclude Include="Game.h">
      <Filter>Fichiers d%27en-tête\GameSystem</Filter>
    </ClInclude>
    <ClInclude Include="EnemiesSystem.h">
      <Filter>Fichiers d%27en-tête\GameSystem</Filter>
    </ClInclude>
    <ClInclude Include="ExperienceBubble.h">
      <Filter>Fichiers d%27en-tête\Entity</Filter>
    </ClInclude>
    <ClInclude Include="XpBar.h">
      <Filter>Fichiers d%27en-tête\HUD</Filter>
    </ClInclude>
    <ClInclude Include="HUDSystem.h">
      <Filter>Fichiers d%27en-tête\HUD</Filter>
    </ClInclude>
  </ItemGroup>
</Project>